// !$*UTF8*$!
{
	archiveVersion = 1;
	classes = {
	};
	objectVersion = 46;
	objects = {

/* Begin PBXBuildFile section */
		907C2F4D1C48FEB30037D9EF /* main.m in Sources */ = {isa = PBXBuildFile; fileRef = 907C2F4C1C48FEB30037D9EF /* main.m */; };
		907C2F501C48FEB30037D9EF /* AppDelegate.m in Sources */ = {isa = PBXBuildFile; fileRef = 907C2F4F1C48FEB30037D9EF /* AppDelegate.m */; };
		907C2F531C48FEB30037D9EF /* ViewController.m in Sources */ = {isa = PBXBuildFile; fileRef = 907C2F521C48FEB30037D9EF /* ViewController.m */; };
		907C2F561C48FEB30037D9EF /* Main.storyboard in Resources */ = {isa = PBXBuildFile; fileRef = 907C2F541C48FEB30037D9EF /* Main.storyboard */; };
		907C2F581C48FEB30037D9EF /* Assets.xcassets in Resources */ = {isa = PBXBuildFile; fileRef = 907C2F571C48FEB30037D9EF /* Assets.xcassets */; };
		907C2F5B1C48FEB30037D9EF /* LaunchScreen.storyboard in Resources */ = {isa = PBXBuildFile; fileRef = 907C2F591C48FEB30037D9EF /* LaunchScreen.storyboard */; };
		907C2F661C48FEB30037D9EF /* MCNSStringTests.m in Sources */ = {isa = PBXBuildFile; fileRef = 907C2F651C48FEB30037D9EF /* MCNSStringTests.m */; };
		907C2F711C48FEB30037D9EF /* MCNSStringUITests.m in Sources */ = {isa = PBXBuildFile; fileRef = 907C2F701C48FEB30037D9EF /* MCNSStringUITests.m */; };
		907C2F811C48FED10037D9EF /* NSString+Common.m in Sources */ = {isa = PBXBuildFile; fileRef = 907C2F801C48FED10037D9EF /* NSString+Common.m */; };
/* End PBXBuildFile section */

/* Begin PBXContainerItemProxy section */
		907C2F621C48FEB30037D9EF /* PBXContainerItemProxy */ = {
			isa = PBXContainerItemProxy;
			containerPortal = 907C2F401C48FEB30037D9EF /* Project object */;
			proxyType = 1;
			remoteGlobalIDString = 907C2F471C48FEB30037D9EF;
			remoteInfo = MCNSString;
		};
		907C2F6D1C48FEB30037D9EF /* PBXContainerItemProxy */ = {
			isa = PBXContainerItemProxy;
			containerPortal = 907C2F401C48FEB30037D9EF /* Project object */;
			proxyType = 1;
			remoteGlobalIDString = 907C2F471C48FEB30037D9EF;
			remoteInfo = MCNSString;
		};
/* End PBXContainerItemProxy section */

/* Begin PBXFileReference section */
		907C2F481C48FEB30037D9EF /* MCNSString.app */ = {isa = PBXFileReference; explicitFileType = wrapper.application; includeInIndex = 0; path = MCNSString.app; sourceTree = BUILT_PRODUCTS_DIR; };
		907C2F4C1C48FEB30037D9EF /* main.m */ = {isa = PBXFileReference; lastKnownFileType = sourcecode.c.objc; path = main.m; sourceTree = "<group>"; };
		907C2F4E1C48FEB30037D9EF /* AppDelegate.h */ = {isa = PBXFileReference; lastKnownFileType = sourcecode.c.h; path = AppDelegate.h; sourceTree = "<group>"; };
		907C2F4F1C48FEB30037D9EF /* AppDelegate.m */ = {isa = PBXFileReference; lastKnownFileType = sourcecode.c.objc; path = AppDelegate.m; sourceTree = "<group>"; };
		907C2F511C48FEB30037D9EF /* ViewController.h */ = {isa = PBXFileReference; lastKnownFileType = sourcecode.c.h; path = ViewController.h; sourceTree = "<group>"; };
		907C2F521C48FEB30037D9EF /* ViewController.m */ = {isa = PBXFileReference; lastKnownFileType = sourcecode.c.objc; path = ViewController.m; sourceTree = "<group>"; };
		907C2F551C48FEB30037D9EF /* Base */ = {isa = PBXFileReference; lastKnownFileType = file.storyboard; name = Base; path = Base.lproj/Main.storyboard; sourceTree = "<group>"; };
		907C2F571C48FEB30037D9EF /* Assets.xcassets */ = {isa = PBXFileReference; lastKnownFileType = folder.assetcatalog; path = Assets.xcassets; sourceTree = "<group>"; };
		907C2F5A1C48FEB30037D9EF /* Base */ = {isa = PBXFileReference; lastKnownFileType = file.storyboard; name = Base; path = Base.lproj/LaunchScreen.storyboard; sourceTree = "<group>"; };
		907C2F5C1C48FEB30037D9EF /* Info.plist */ = {isa = PBXFileReference; lastKnownFileType = text.plist.xml; path = Info.plist; sourceTree = "<group>"; };
		907C2F611C48FEB30037D9EF /* MCNSStringTests.xctest */ = {isa = PBXFileReference; explicitFileType = wrapper.cfbundle; includeInIndex = 0; path = MCNSStringTests.xctest; sourceTree = BUILT_PRODUCTS_DIR; };
		907C2F651C48FEB30037D9EF /* MCNSStringTests.m */ = {isa = PBXFileReference; lastKnownFileType = sourcecode.c.objc; path = MCNSStringTests.m; sourceTree = "<group>"; };
		907C2F671C48FEB30037D9EF /* Info.plist */ = {isa = PBXFileReference; lastKnownFileType = text.plist.xml; path = Info.plist; sourceTree = "<group>"; };
		907C2F6C1C48FEB30037D9EF /* MCNSStringUITests.xctest */ = {isa = PBXFileReference; explicitFileType = wrapper.cfbundle; includeInIndex = 0; path = MCNSStringUITests.xctest; sourceTree = BUILT_PRODUCTS_DIR; };
		907C2F701C48FEB30037D9EF /* MCNSStringUITests.m */ = {isa = PBXFileReference; lastKnownFileType = sourcecode.c.objc; path = MCNSStringUITests.m; sourceTree = "<group>"; };
		907C2F721C48FEB30037D9EF /* Info.plist */ = {isa = PBXFileReference; lastKnownFileType = text.plist.xml; path = Info.plist; sourceTree = "<group>"; };
		907C2F7F1C48FED10037D9EF /* NSString+Common.h */ = {isa = PBXFileReference; fileEncoding = 4; lastKnownFileType = sourcecode.c.h; path = "NSString+Common.h"; sourceTree = "<group>"; };
		907C2F801C48FED10037D9EF /* NSString+Common.m */ = {isa = PBXFileReference; fileEncoding = 4; lastKnownFileType = sourcecode.c.objc; path = "NSString+Common.m"; sourceTree = "<group>"; };
/* End PBXFileReference section */

/* Begin PBXFrameworksBuildPhase section */
		907C2F451C48FEB30037D9EF /* Frameworks */ = {
			isa = PBXFrameworksBuildPhase;
			buildActionMask = 2147483647;
			files = (
			);
			runOnlyForDeploymentPostprocessing = 0;
		};
		907C2F5E1C48FEB30037D9EF /* Frameworks */ = {
			isa = PBXFrameworksBuildPhase;
			buildActionMask = 2147483647;
			files = (
			);
			runOnlyForDeploymentPostprocessing = 0;
		};
		907C2F691C48FEB30037D9EF /* Frameworks */ = {
			isa = PBXFrameworksBuildPhase;
			buildActionMask = 2147483647;
			files = (
			);
			runOnlyForDeploymentPostprocessing = 0;
		};
/* End PBXFrameworksBuildPhase section */

/* Begin PBXGroup section */
		907C2F3F1C48FEB30037D9EF = {
			isa = PBXGroup;
			children = (
				907C2F4A1C48FEB30037D9EF /* MCNSString */,
				907C2F641C48FEB30037D9EF /* MCNSStringTests */,
				907C2F6F1C48FEB30037D9EF /* MCNSStringUITests */,
				907C2F491C48FEB30037D9EF /* Products */,
			);
			sourceTree = "<group>";
		};
		907C2F491C48FEB30037D9EF /* Products */ = {
			isa = PBXGroup;
			children = (
				907C2F481C48FEB30037D9EF /* MCNSString.app */,
				907C2F611C48FEB30037D9EF /* MCNSStringTests.xctest */,
				907C2F6C1C48FEB30037D9EF /* MCNSStringUITests.xctest */,
			);
			name = Products;
			sourceTree = "<group>";
		};
		907C2F4A1C48FEB30037D9EF /* MCNSString */ = {
			isa = PBXGroup;
			children = (
				907C2F7E1C48FEBF0037D9EF /* MCNSString */,
				907C2F4E1C48FEB30037D9EF /* AppDelegate.h */,
				907C2F4F1C48FEB30037D9EF /* AppDelegate.m */,
				907C2F511C48FEB30037D9EF /* ViewController.h */,
				907C2F521C48FEB30037D9EF /* ViewController.m */,
				907C2F541C48FEB30037D9EF /* Main.storyboard */,
				907C2F571C48FEB30037D9EF /* Assets.xcassets */,
				907C2F591C48FEB30037D9EF /* LaunchScreen.storyboard */,
				907C2F5C1C48FEB30037D9EF /* Info.plist */,
				907C2F4B1C48FEB30037D9EF /* Supporting Files */,
			);
			path = MCNSString;
			sourceTree = "<group>";
		};
		907C2F4B1C48FEB30037D9EF /* Supporting Files */ = {
			isa = PBXGroup;
			children = (
				907C2F4C1C48FEB30037D9EF /* main.m */,
			);
			name = "Supporting Files";
			sourceTree = "<group>";
		};
		907C2F641C48FEB30037D9EF /* MCNSStringTests */ = {
			isa = PBXGroup;
			children = (
				907C2F651C48FEB30037D9EF /* MCNSStringTests.m */,
				907C2F671C48FEB30037D9EF /* Info.plist */,
			);
			path = MCNSStringTests;
			sourceTree = "<group>";
		};
		907C2F6F1C48FEB30037D9EF /* MCNSStringUITests */ = {
			isa = PBXGroup;
			children = (
				907C2F701C48FEB30037D9EF /* MCNSStringUITests.m */,
				907C2F721C48FEB30037D9EF /* Info.plist */,
			);
			path = MCNSStringUITests;
			sourceTree = "<group>";
		};
		907C2F7E1C48FEBF0037D9EF /* MCNSString */ = {
			isa = PBXGroup;
			children = (
				907C2F7F1C48FED10037D9EF /* NSString+Common.h */,
				907C2F801C48FED10037D9EF /* NSString+Common.m */,
			);
			name = MCNSString;
			sourceTree = "<group>";
		};
/* End PBXGroup section */

/* Begin PBXNativeTarget section */
		907C2F471C48FEB30037D9EF /* MCNSString */ = {
			isa = PBXNativeTarget;
			buildConfigurationList = 907C2F751C48FEB30037D9EF /* Build configuration list for PBXNativeTarget "MCNSString" */;
			buildPhases = (
				907C2F441C48FEB30037D9EF /* Sources */,
				907C2F451C48FEB30037D9EF /* Frameworks */,
				907C2F461C48FEB30037D9EF /* Resources */,
			);
			buildRules = (
			);
			dependencies = (
			);
			name = MCNSString;
			productName = MCNSString;
			productReference = 907C2F481C48FEB30037D9EF /* MCNSString.app */;
			productType = "com.apple.product-type.application";
		};
		907C2F601C48FEB30037D9EF /* MCNSStringTests */ = {
			isa = PBXNativeTarget;
			buildConfigurationList = 907C2F781C48FEB30037D9EF /* Build configuration list for PBXNativeTarget "MCNSStringTests" */;
			buildPhases = (
				907C2F5D1C48FEB30037D9EF /* Sources */,
				907C2F5E1C48FEB30037D9EF /* Frameworks */,
				907C2F5F1C48FEB30037D9EF /* Resources */,
			);
			buildRules = (
			);
			dependencies = (
				907C2F631C48FEB30037D9EF /* PBXTargetDependency */,
			);
			name = MCNSStringTests;
			productName = MCNSStringTests;
			productReference = 907C2F611C48FEB30037D9EF /* MCNSStringTests.xctest */;
			productType = "com.apple.product-type.bundle.unit-test";
		};
		907C2F6B1C48FEB30037D9EF /* MCNSStringUITests */ = {
			isa = PBXNativeTarget;
			buildConfigurationList = 907C2F7B1C48FEB30037D9EF /* Build configuration list for PBXNativeTarget "MCNSStringUITests" */;
			buildPhases = (
				907C2F681C48FEB30037D9EF /* Sources */,
				907C2F691C48FEB30037D9EF /* Frameworks */,
				907C2F6A1C48FEB30037D9EF /* Resources */,
			);
			buildRules = (
			);
			dependencies = (
				907C2F6E1C48FEB30037D9EF /* PBXTargetDependency */,
			);
			name = MCNSStringUITests;
			productName = MCNSStringUITests;
			productReference = 907C2F6C1C48FEB30037D9EF /* MCNSStringUITests.xctest */;
			productType = "com.apple.product-type.bundle.ui-testing";
		};
/* End PBXNativeTarget section */

/* Begin PBXProject section */
		907C2F401C48FEB30037D9EF /* Project object */ = {
			isa = PBXProject;
			attributes = {
				LastUpgradeCheck = 0710;
				ORGANIZATIONNAME = Zmc;
				TargetAttributes = {
					907C2F471C48FEB30037D9EF = {
						CreatedOnToolsVersion = 7.1.1;
					};
					907C2F601C48FEB30037D9EF = {
						CreatedOnToolsVersion = 7.1.1;
						TestTargetID = 907C2F471C48FEB30037D9EF;
					};
					907C2F6B1C48FEB30037D9EF = {
						CreatedOnToolsVersion = 7.1.1;
						TestTargetID = 907C2F471C48FEB30037D9EF;
					};
				};
			};
			buildConfigurationList = 907C2F431C48FEB30037D9EF /* Build configuration list for PBXProject "MCNSString" */;
			compatibilityVersion = "Xcode 3.2";
			developmentRegion = English;
			hasScannedForEncodings = 0;
			knownRegions = (
				en,
				Base,
			);
			mainGroup = 907C2F3F1C48FEB30037D9EF;
			productRefGroup = 907C2F491C48FEB30037D9EF /* Products */;
			projectDirPath = "";
			projectRoot = "";
			targets = (
				907C2F471C48FEB30037D9EF /* MCNSString */,
				907C2F601C48FEB30037D9EF /* MCNSStringTests */,
				907C2F6B1C48FEB30037D9EF /* MCNSStringUITests */,
			);
		};
/* End PBXProject section */

/* Begin PBXResourcesBuildPhase section */
		907C2F461C48FEB30037D9EF /* Resources */ = {
			isa = PBXResourcesBuildPhase;
			buildActionMask = 2147483647;
			files = (
				907C2F5B1C48FEB30037D9EF /* LaunchScreen.storyboard in Resources */,
				907C2F581C48FEB30037D9EF /* Assets.xcassets in Resources */,
				907C2F561C48FEB30037D9EF /* Main.storyboard in Resources */,
			);
			runOnlyForDeploymentPostprocessing = 0;
		};
		907C2F5F1C48FEB30037D9EF /* Resources */ = {
			isa = PBXResourcesBuildPhase;
			buildActionMask = 2147483647;
			files = (
			);
			runOnlyForDeploymentPostprocessing = 0;
		};
		907C2F6A1C48FEB30037D9EF /* Resources */ = {
			isa = PBXResourcesBuildPhase;
			buildActionMask = 2147483647;
			files = (
			);
			runOnlyForDeploymentPostprocessing = 0;
		};
/* End PBXResourcesBuildPhase section */

/* Begin PBXSourcesBuildPhase section */
		907C2F441C48FEB30037D9EF /* Sources */ = {
			isa = PBXSourcesBuildPhase;
			buildActionMask = 2147483647;
			files = (
				907C2F811C48FED10037D9EF /* NSString+Common.m in Sources */,
				907C2F531C48FEB30037D9EF /* ViewController.m in Sources */,
				907C2F501C48FEB30037D9EF /* AppDelegate.m in Sources */,
				907C2F4D1C48FEB30037D9EF /* main.m in Sources */,
			);
			runOnlyForDeploymentPostprocessing = 0;
		};
		907C2F5D1C48FEB30037D9EF /* Sources */ = {
			isa = PBXSourcesBuildPhase;
			buildActionMask = 2147483647;
			files = (
				907C2F661C48FEB30037D9EF /* MCNSStringTests.m in Sources */,
			);
			runOnlyForDeploymentPostprocessing = 0;
		};
		907C2F681C48FEB30037D9EF /* Sources */ = {
			isa = PBXSourcesBuildPhase;
			buildActionMask = 2147483647;
			files = (
				907C2F711C48FEB30037D9EF /* MCNSStringUITests.m in Sources */,
			);
			runOnlyForDeploymentPostprocessing = 0;
		};
/* End PBXSourcesBuildPhase section */

/* Begin PBXTargetDependency section */
		907C2F631C48FEB30037D9EF /* PBXTargetDependency */ = {
			isa = PBXTargetDependency;
			target = 907C2F471C48FEB30037D9EF /* MCNSString */;
			targetProxy = 907C2F621C48FEB30037D9EF /* PBXContainerItemProxy */;
		};
		907C2F6E1C48FEB30037D9EF /* PBXTargetDependency */ = {
			isa = PBXTargetDependency;
			target = 907C2F471C48FEB30037D9EF /* MCNSString */;
			targetProxy = 907C2F6D1C48FEB30037D9EF /* PBXContainerItemProxy */;
		};
/* End PBXTargetDependency section */

/* Begin PBXVariantGroup section */
		907C2F541C48FEB30037D9EF /* Main.storyboard */ = {
			isa = PBXVariantGroup;
			children = (
				907C2F551C48FEB30037D9EF /* Base */,
			);
			name = Main.storyboard;
			sourceTree = "<group>";
		};
		907C2F591C48FEB30037D9EF /* LaunchScreen.storyboard */ = {
			isa = PBXVariantGroup;
			children = (
				907C2F5A1C48FEB30037D9EF /* Base */,
			);
			name = LaunchScreen.storyboard;
			sourceTree = "<group>";
		};
/* End PBXVariantGroup section */

/* Begin XCBuildConfiguration section */
		907C2F731C48FEB30037D9EF /* Debug */ = {
			isa = XCBuildConfiguration;
			buildSettings = {
				ALWAYS_SEARCH_USER_PATHS = NO;
				CLANG_CXX_LANGUAGE_STANDARD = "gnu++0x";
				CLANG_CXX_LIBRARY = "libc++";
				CLANG_ENABLE_MODULES = YES;
				CLANG_ENABLE_OBJC_ARC = YES;
				CLANG_WARN_BOOL_CONVERSION = YES;
				CLANG_WARN_CONSTANT_CONVERSION = YES;
				CLANG_WARN_DIRECT_OBJC_ISA_USAGE = YES_ERROR;
				CLANG_WARN_EMPTY_BODY = YES;
				CLANG_WARN_ENUM_CONVERSION = YES;
				CLANG_WARN_INT_CONVERSION = YES;
				CLANG_WARN_OBJC_ROOT_CLASS = YES_ERROR;
				CLANG_WARN_UNREACHABLE_CODE = YES;
				CLANG_WARN__DUPLICATE_METHOD_MATCH = YES;
				"CODE_SIGN_IDENTITY[sdk=iphoneos*]" = "iPhone Developer";
				COPY_PHASE_STRIP = NO;
				DEBUG_INFORMATION_FORMAT = dwarf;
				ENABLE_STRICT_OBJC_MSGSEND = YES;
				ENABLE_TESTABILITY = YES;
				GCC_C_LANGUAGE_STANDARD = gnu99;
				GCC_DYNAMIC_NO_PIC = NO;
				GCC_NO_COMMON_BLOCKS = YES;
				GCC_OPTIMIZATION_LEVEL = 0;
				GCC_PREPROCESSOR_DEFINITIONS = (
					"DEBUG=1",
					"$(inherited)",
				);
				GCC_WARN_64_TO_32_BIT_CONVERSION = YES;
				GCC_WARN_ABOUT_RETURN_TYPE = YES_ERROR;
				GCC_WARN_UNDECLARED_SELECTOR = YES;
				GCC_WARN_UNINITIALIZED_AUTOS = YES_AGGRESSIVE;
				GCC_WARN_UNUSED_FUNCTION = YES;
				GCC_WARN_UNUSED_VARIABLE = YES;
				IPHONEOS_DEPLOYMENT_TARGET = 9.1;
				MTL_ENABLE_DEBUG_INFO = YES;
				ONLY_ACTIVE_ARCH = YES;
				SDKROOT = iphoneos;
			};
			name = Debug;
		};
		907C2F741C48FEB30037D9EF /* Release */ = {
			isa = XCBuildConfiguration;
			buildSettings = {
				ALWAYS_SEARCH_USER_PATHS = NO;
				CLANG_CXX_LANGUAGE_STANDARD = "gnu++0x";
				CLANG_CXX_LIBRARY = "libc++";
				CLANG_ENABLE_MODULES = YES;
				CLANG_ENABLE_OBJC_ARC = YES;
				CLANG_WARN_BOOL_CONVERSION = YES;
				CLANG_WARN_CONSTANT_CONVERSION = YES;
				CLANG_WARN_DIRECT_OBJC_ISA_USAGE = YES_ERROR;
				CLANG_WARN_EMPTY_BODY = YES;
				CLANG_WARN_ENUM_CONVERSION = YES;
				CLANG_WARN_INT_CONVERSION = YES;
				CLANG_WARN_OBJC_ROOT_CLASS = YES_ERROR;
				CLANG_WARN_UNREACHABLE_CODE = YES;
				CLANG_WARN__DUPLICATE_METHOD_MATCH = YES;
				"CODE_SIGN_IDENTITY[sdk=iphoneos*]" = "iPhone Developer";
				COPY_PHASE_STRIP = NO;
				DEBUG_INFORMATION_FORMAT = "dwarf-with-dsym";
				ENABLE_NS_ASSERTIONS = NO;
				ENABLE_STRICT_OBJC_MSGSEND = YES;
				GCC_C_LANGUAGE_STANDARD = gnu99;
				GCC_NO_COMMON_BLOCKS = YES;
				GCC_WARN_64_TO_32_BIT_CONVERSION = YES;
				GCC_WARN_ABOUT_RETURN_TYPE = YES_ERROR;
				GCC_WARN_UNDECLARED_SELECTOR = YES;
				GCC_WARN_UNINITIALIZED_AUTOS = YES_AGGRESSIVE;
				GCC_WARN_UNUSED_FUNCTION = YES;
				GCC_WARN_UNUSED_VARIABLE = YES;
				IPHONEOS_DEPLOYMENT_TARGET = 9.1;
				MTL_ENABLE_DEBUG_INFO = NO;
				SDKROOT = iphoneos;
				VALIDATE_PRODUCT = YES;
			};
			name = Release;
		};
		907C2F761C48FEB30037D9EF /* Debug */ = {
			isa = XCBuildConfiguration;
			buildSettings = {
				ASSETCATALOG_COMPILER_APPICON_NAME = AppIcon;
				INFOPLIST_FILE = MCNSString/Info.plist;
				LD_RUNPATH_SEARCH_PATHS = "$(inherited) @executable_path/Frameworks";
				PRODUCT_BUNDLE_IDENTIFIER = zmc.ios..MCNSString;
				PRODUCT_NAME = "$(TARGET_NAME)";
			};
			name = Debug;
		};
		907C2F771C48FEB30037D9EF /* Release */ = {
			isa = XCBuildConfiguration;
			buildSettings = {
				ASSETCATALOG_COMPILER_APPICON_NAME = AppIcon;
				INFOPLIST_FILE = MCNSString/Info.plist;
				LD_RUNPATH_SEARCH_PATHS = "$(inherited) @executable_path/Frameworks";
				PRODUCT_BUNDLE_IDENTIFIER = zmc.ios..MCNSString;
				PRODUCT_NAME = "$(TARGET_NAME)";
			};
			name = Release;
		};
		907C2F791C48FEB30037D9EF /* Debug */ = {
			isa = XCBuildConfiguration;
			buildSettings = {
				BUNDLE_LOADER = "$(TEST_HOST)";
				INFOPLIST_FILE = MCNSStringTests/Info.plist;
				LD_RUNPATH_SEARCH_PATHS = "$(inherited) @executable_path/Frameworks @loader_path/Frameworks";
				PRODUCT_BUNDLE_IDENTIFIER = zmc.ios..MCNSStringTests;
				PRODUCT_NAME = "$(TARGET_NAME)";
				TEST_HOST = "$(BUILT_PRODUCTS_DIR)/MCNSString.app/MCNSString";
			};
			name = Debug;
		};
		907C2F7A1C48FEB30037D9EF /* Release */ = {
			isa = XCBuildConfiguration;
			buildSettings = {
				BUNDLE_LOADER = "$(TEST_HOST)";
				INFOPLIST_FILE = MCNSStringTests/Info.plist;
				LD_RUNPATH_SEARCH_PATHS = "$(inherited) @executable_path/Frameworks @loader_path/Frameworks";
				PRODUCT_BUNDLE_IDENTIFIER = zmc.ios..MCNSStringTests;
				PRODUCT_NAME = "$(TARGET_NAME)";
				TEST_HOST = "$(BUILT_PRODUCTS_DIR)/MCNSString.app/MCNSString";
			};
			name = Release;
		};
		907C2F7C1C48FEB30037D9EF /* Debug */ = {
			isa = XCBuildConfiguration;
			buildSettings = {
				INFOPLIST_FILE = MCNSStringUITests/Info.plist;
				LD_RUNPATH_SEARCH_PATHS = "$(inherited) @executable_path/Frameworks @loader_path/Frameworks";
				PRODUCT_BUNDLE_IDENTIFIER = zmc.ios..MCNSStringUITests;
				PRODUCT_NAME = "$(TARGET_NAME)";
				TEST_TARGET_NAME = MCNSString;
				USES_XCTRUNNER = YES;
			};
			name = Debug;
		};
		907C2F7D1C48FEB30037D9EF /* Release */ = {
			isa = XCBuildConfiguration;
			buildSettings = {
				INFOPLIST_FILE = MCNSStringUITests/Info.plist;
				LD_RUNPATH_SEARCH_PATHS = "$(inherited) @executable_path/Frameworks @loader_path/Frameworks";
				PRODUCT_BUNDLE_IDENTIFIER = zmc.ios..MCNSStringUITests;
				PRODUCT_NAME = "$(TARGET_NAME)";
				TEST_TARGET_NAME = MCNSString;
				USES_XCTRUNNER = YES;
			};
			name = Release;
		};
/* End XCBuildConfiguration section */

/* Begin XCConfigurationList section */
		907C2F431C48FEB30037D9EF /* Build configuration list for PBXProject "MCNSString" */ = {
			isa = XCConfigurationList;
			buildConfigurations = (
				907C2F731C48FEB30037D9EF /* Debug */,
				907C2F741C48FEB30037D9EF /* Release */,
			);
			defaultConfigurationIsVisible = 0;
			defaultConfigurationName = Release;
		};
		907C2F751C48FEB30037D9EF /* Build configuration list for PBXNativeTarget "MCNSString" */ = {
			isa = XCConfigurationList;
			buildConfigurations = (
				907C2F761C48FEB30037D9EF /* Debug */,
				907C2F771C48FEB30037D9EF /* Release */,
			);
			defaultConfigurationIsVisible = 0;
		};
		907C2F781C48FEB30037D9EF /* Build configuration list for PBXNativeTarget "MCNSStringTests" */ = {
			isa = XCConfigurationList;
			buildConfigurations = (
				907C2F791C48FEB30037D9EF /* Debug */,
				907C2F7A1C48FEB30037D9EF /* Release */,
			);
			defaultConfigurationIsVisible = 0;
		};
		907C2F7B1C48FEB30037D9EF /* Build configuration list for PBXNativeTarget "MCNSStringUITests" */ = {
			isa = XCConfigurationList;
			buildConfigurations = (
				907C2F7C1C48FEB30037D9EF /* Debug */,
				907C2F7D1C48FEB30037D9EF /* Release */,
			);
			defaultConfigurationIsVisible = 0;
		};
/* End XCConfigurationList section */
	};
	rootObject = 907C2F401C48FEB30037D9EF /* Project object */;
}
